
Microsoft Visual Studio Solution File, Format Version 12.00
# Visual Studio 15
VisualStudioVersion = 15.0.26124.0
MinimumVisualStudioVersion = 15.0.26124.0
Project("{2150E333-8FDC-42A3-9474-1A3956D46DE8}") = "src", "src", "{4E8C6A80-9EE3-4C50-8AD0-1CD34F1791F7}"
EndProject
Project("{FAE04EC0-301F-11D3-BF4B-00C04F79EFBC}") = "SimpleAPI", "src\SimpleAPI\SimpleAPI.csproj", "{352F4E35-5FEF-405C-B272-D6C8AF5D6390}"
EndProject
Project("{2150E333-8FDC-42A3-9474-1A3956D46DE8}") = "test", "test", "{4E820243-56A8-4D1E-847F-0B1DE5CB796D}"
EndProject
Project("{FAE04EC0-301F-11D3-BF4B-00C04F79EFBC}") = "SimpleAPI.Tests", "test\SimpleAPI.Tests\SimpleAPI.Tests.csproj", "{1AD0D926-C25D-4501-B5B0-AA208F2DA428}"
EndProject
Global
	GlobalSection(SolutionConfigurationPlatforms) = preSolution
		Debug|Any CPU = Debug|Any CPU
		Debug|x64 = Debug|x64
		Debug|x86 = Debug|x86
		Release|Any CPU = Release|Any CPU
		Release|x64 = Release|x64
		Release|x86 = Release|x86
	EndGlobalSection
	GlobalSection(SolutionProperties) = preSolution
		HideSolutionNode = FALSE
	EndGlobalSection
	GlobalSection(ProjectConfigurationPlatforms) = postSolution
		{352F4E35-5FEF-405C-B272-D6C8AF5D6390}.Debug|Any CPU.ActiveCfg = Debug|Any CPU
		{352F4E35-5FEF-405C-B272-D6C8AF5D6390}.Debug|Any CPU.Build.0 = Debug|Any CPU
		{352F4E35-5FEF-405C-B272-D6C8AF5D6390}.Debug|x64.ActiveCfg = Debug|Any CPU
		{352F4E35-5FEF-405C-B272-D6C8AF5D6390}.Debug|x64.Build.0 = Debug|Any CPU
		{352F4E35-5FEF-405C-B272-D6C8AF5D6390}.Debug|x86.ActiveCfg = Debug|Any CPU
		{352F4E35-5FEF-405C-B272-D6C8AF5D6390}.Debug|x86.Build.0 = Debug|Any CPU
		{352F4E35-5FEF-405C-B272-D6C8AF5D6390}.Release|Any CPU.ActiveCfg = Release|Any CPU
		{352F4E35-5FEF-405C-B272-D6C8AF5D6390}.Release|Any CPU.Build.0 = Release|Any CPU
		{352F4E35-5FEF-405C-B272-D6C8AF5D6390}.Release|x64.ActiveCfg = Release|Any CPU
		{352F4E35-5FEF-405C-B272-D6C8AF5D6390}.Release|x64.Build.0 = Release|Any CPU
		{352F4E35-5FEF-405C-B272-D6C8AF5D6390}.Release|x86.ActiveCfg = Release|Any CPU
		{352F4E35-5FEF-405C-B272-D6C8AF5D6390}.Release|x86.Build.0 = Release|Any CPU
		{1AD0D926-C25D-4501-B5B0-AA208F2DA428}.Debug|Any CPU.ActiveCfg = Debug|Any CPU
		{1AD0D926-C25D-4501-B5B0-AA208F2DA428}.Debug|Any CPU.Build.0 = Debug|Any CPU
		{1AD0D926-C25D-4501-B5B0-AA208F2DA428}.Debug|x64.ActiveCfg = Debug|Any CPU
		{1AD0D926-C25D-4501-B5B0-AA208F2DA428}.Debug|x64.Build.0 = Debug|Any CPU
		{1AD0D926-C25D-4501-B5B0-AA208F2DA428}.Debug|x86.ActiveCfg = Debug|Any CPU
		{1AD0D926-C25D-4501-B5B0-AA208F2DA428}.Debug|x86.Build.0 = Debug|Any CPU
		{1AD0D926-C25D-4501-B5B0-AA208F2DA428}.Release|Any CPU.ActiveCfg = Release|Any CPU
		{1AD0D926-C25D-4501-B5B0-AA208F2DA428}.Release|Any CPU.Build.0 = Release|Any CPU
		{1AD0D926-C25D-4501-B5B0-AA208F2DA428}.Release|x64.ActiveCfg = Release|Any CPU
		{1AD0D926-C25D-4501-B5B0-AA208F2DA428}.Release|x64.Build.0 = Release|Any CPU
		{1AD0D926-C25D-4501-B5B0-AA208F2DA428}.Release|x86.ActiveCfg = Release|Any CPU
		{1AD0D926-C25D-4501-B5B0-AA208F2DA428}.Release|x86.Build.0 = Release|Any CPU
	EndGlobalSection
	GlobalSection(NestedProjects) = preSolution
		{352F4E35-5FEF-405C-B272-D6C8AF5D6390} = {4E8C6A80-9EE3-4C50-8AD0-1CD34F1791F7}
		{1AD0D926-C25D-4501-B5B0-AA208F2DA428} = {4E820243-56A8-4D1E-847F-0B1DE5CB796D}
	EndGlobalSection
EndGlobal
